<?xml version="1.0" encoding="utf-8"?>
<Project ToolsVersion="4.0" xmlns="http://schemas.microsoft.com/developer/msbuild/2003">
  <ItemGroup>
    <Filter Include="ソース ファイル">
      <UniqueIdentifier>{4FC737F1-C7A5-4376-A066-2A32D752A2FF}</UniqueIdentifier>
      <Extensions>cpp;c;cc;cxx;def;odl;idl;hpj;bat;asm;asmx</Extensions>
    </Filter>
    <Filter Include="ヘッダー ファイル">
      <UniqueIdentifier>{93995380-89BD-4b04-88EB-625FBE52EBFB}</UniqueIdentifier>
      <Extensions>h;hh;hpp;hxx;hm;inl;inc;xsd</Extensions>
    </Filter>
    <Filter Include="リソース ファイル">
      <UniqueIdentifier>{67DA6AB6-F800-4c08-8B7A-83BB121AAD01}</UniqueIdentifier>
      <Extensions>rc;ico;cur;bmp;dlg;rc2;rct;bin;rgs;gif;jpg;jpeg;jpe;resx;tiff;tif;png;wav;mfcribbon-ms</Extensions>
    </Filter>
    <Filter Include="ヘッダー ファイル\video">
      <UniqueIdentifier>{ac217a40-592e-48c7-a0cd-4ea0c69f63d8}</UniqueIdentifier>
    </Filter>
    <Filter Include="ヘッダー ファイル\system">
      <UniqueIdentifier>{cb5abbfc-1392-48a0-a75d-37257a328b2d}</UniqueIdentifier>
    </Filter>
    <Filter Include="ヘッダー ファイル\detail">
      <UniqueIdentifier>{0acde286-eaa3-499b-bb5c-05a8209fcfe6}</UniqueIdentifier>
    </Filter>
  </ItemGroup>
  <ItemGroup>
    <ClCompile Include="..\..\sandbox.cpp">
      <Filter>ソース ファイル</Filter>
    </ClCompile>
  </ItemGroup>
  <ItemGroup>
    <ClInclude Include="..\..\..\include\sdl2-wrapper\sdl.hpp">
      <Filter>ヘッダー ファイル</Filter>
    </ClInclude>
    <ClInclude Include="..\..\..\include\sdl2-wrapper\video.hpp">
      <Filter>ヘッダー ファイル</Filter>
    </ClInclude>
    <ClInclude Include="..\..\..\include\sdl2-wrapper\video\renderer.hpp">
      <Filter>ヘッダー ファイル\video</Filter>
    </ClInclude>
    <ClInclude Include="..\..\..\include\sdl2-wrapper\video\texture.hpp">
      <Filter>ヘッダー ファイル\video</Filter>
    </ClInclude>
    <ClInclude Include="..\..\..\include\sdl2-wrapper\video\window.hpp">
      <Filter>ヘッダー ファイル\video</Filter>
    </ClInclude>
    <ClInclude Include="..\..\..\include\sdl2-wrapper\video\surface.hpp">
      <Filter>ヘッダー ファイル\video</Filter>
    </ClInclude>
    <ClInclude Include="..\..\..\include\sdl2-wrapper\video\point.hpp">
      <Filter>ヘッダー ファイル\video</Filter>
    </ClInclude>
    <ClInclude Include="..\..\..\include\sdl2-wrapper\video\rect.hpp">
      <Filter>ヘッダー ファイル\video</Filter>
    </ClInclude>
    <ClInclude Include="..\..\..\include\sdl2-wrapper\system\init.hpp">
      <Filter>ヘッダー ファイル\system</Filter>
    </ClInclude>
    <ClInclude Include="..\..\..\include\sdl2-wrapper\system.hpp">
      <Filter>ヘッダー ファイル</Filter>
    </ClInclude>
    <ClInclude Include="..\..\..\include\sdl2-wrapper\system\error.hpp">
      <Filter>ヘッダー ファイル\system</Filter>
    </ClInclude>
    <ClInclude Include="..\..\..\include\sdl2-wrapper\system\subsystem.hpp">
      <Filter>ヘッダー ファイル\system</Filter>
    </ClInclude>
    <ClInclude Include="..\..\..\include\sdl2-wrapper\system\version.hpp">
      <Filter>ヘッダー ファイル\system</Filter>
    </ClInclude>
    <ClInclude Include="..\..\..\include\sdl2-wrapper\system\cpu.hpp">
      <Filter>ヘッダー ファイル\system</Filter>
    </ClInclude>
    <ClInclude Include="..\..\..\include\sdl2-wrapper\system\endian.hpp">
      <Filter>ヘッダー ファイル\system</Filter>
    </ClInclude>
    <ClInclude Include="..\..\..\include\sdl2-wrapper\system\bit.hpp">
      <Filter>ヘッダー ファイル\system</Filter>
    </ClInclude>
    <ClInclude Include="..\..\..\include\sdl2-wrapper\detail\resource.hpp">
      <Filter>ヘッダー ファイル\detail</Filter>
    </ClInclude>
    <ClInclude Include="..\..\..\include\sdl2-wrapper\detail.hpp">
      <Filter>ヘッダー ファイル</Filter>
    </ClInclude>
    <ClInclude Include="..\..\..\include\sdl2-wrapper\detail\util.hpp">
      <Filter>ヘッダー ファイル\detail</Filter>
    </ClInclude>
    <ClInclude Include="..\..\..\include\sdl2-wrapper\video\display.hpp">
      <Filter>ヘッダー ファイル\video</Filter>
    </ClInclude>
    <ClInclude Include="..\..\..\include\sdl2-wrapper\video\display_mode.hpp">
      <Filter>ヘッダー ファイル\video</Filter>
    </ClInclude>
    <ClInclude Include="..\..\..\include\sdl2-wrapper\video\screen_saver.hpp">
      <Filter>ヘッダー ファイル\video</Filter>
    </ClInclude>
    <ClInclude Include="..\..\..\include\sdl2-wrapper\video\video_driver.hpp">
      <Filter>ヘッダー ファイル\video</Filter>
    </ClInclude>
    <ClInclude Include="..\..\..\include\sdl2-wrapper\video\message_box.hpp">
      <Filter>ヘッダー ファイル\video</Filter>
    </ClInclude>
    <ClInclude Include="..\..\..\include\sdl2-wrapper\video\pixel_format.hpp">
      <Filter>ヘッダー ファイル\video</Filter>
    </ClInclude>
    <ClInclude Include="..\..\..\include\sdl2-wrapper\video\color.hpp">
      <Filter>ヘッダー ファイル\video</Filter>
    </ClInclude>
    <ClInclude Include="..\..\..\include\sdl2-wrapper\video\palette.hpp">
      <Filter>ヘッダー ファイル\video</Filter>
    </ClInclude>
    <ClInclude Include="..\..\..\include\sdl2-wrapper\detail\calculate.hpp">
      <Filter>ヘッダー ファイル\detail</Filter>
    </ClInclude>
    <ClInclude Include="..\..\..\include\sdl2-wrapper\system\power.hpp">
      <Filter>ヘッダー ファイル\system</Filter>
    </ClInclude>
  </ItemGroup>
</Project>